
Microsoft Visual Studio Solution File, Format Version 12.00
# Visual Studio Version 17
VisualStudioVersion = 17.11.35327.3
MinimumVisualStudioVersion = 10.0.40219.1
Project("{FAE04EC0-301F-11D3-BF4B-00C04F79EFBC}") = "hersuAI_client", "hersuAI_client.csproj", "{AD818CEC-3638-4A10-9BF3-97DF7E1AA095}"
EndProject
Project("{9A19103F-16F7-4668-BE54-9A1E7A4F7556}") = "hersuAI_server", "..\hersuAI_server\hersuAI_server.csproj", "{392B5D4A-184D-4A2F-8D26-5F0DE935EFAD}"
EndProject
Project("{2150E333-8FDC-42A3-9474-1A3956D46DE8}") = "솔루션 항목", "솔루션 항목", "{6AF67B65-FFEC-4240-BAB7-C06B0AB3CBA8}"
	ProjectSection(SolutionItems) = preProject
		Images\noSignal.png = Images\noSignal.png
	EndProjectSection
EndProject
Global
	GlobalSection(SolutionConfigurationPlatforms) = preSolution
		Debug|Any CPU = Debug|Any CPU
		Release|Any CPU = Release|Any CPU
	EndGlobalSection
	GlobalSection(ProjectConfigurationPlatforms) = postSolution
		{AD818CEC-3638-4A10-9BF3-97DF7E1AA095}.Debug|Any CPU.ActiveCfg = Debug|Any CPU
		{AD818CEC-3638-4A10-9BF3-97DF7E1AA095}.Debug|Any CPU.Build.0 = Debug|Any CPU
		{AD818CEC-3638-4A10-9BF3-97DF7E1AA095}.Release|Any CPU.ActiveCfg = Release|Any CPU
		{AD818CEC-3638-4A10-9BF3-97DF7E1AA095}.Release|Any CPU.Build.0 = Release|Any CPU
		{392B5D4A-184D-4A2F-8D26-5F0DE935EFAD}.Debug|Any CPU.ActiveCfg = Debug|Any CPU
		{392B5D4A-184D-4A2F-8D26-5F0DE935EFAD}.Debug|Any CPU.Build.0 = Debug|Any CPU
		{392B5D4A-184D-4A2F-8D26-5F0DE935EFAD}.Release|Any CPU.ActiveCfg = Release|Any CPU
		{392B5D4A-184D-4A2F-8D26-5F0DE935EFAD}.Release|Any CPU.Build.0 = Release|Any CPU
	EndGlobalSection
	GlobalSection(SolutionProperties) = preSolution
		HideSolutionNode = FALSE
	EndGlobalSection
	GlobalSection(ExtensibilityGlobals) = postSolution
		SolutionGuid = {EB464D90-F44A-4FA5-96AE-C42F99E1BCA4}
	EndGlobalSection
EndGlobal
